
Microsoft Visual Studio Solution File, Format Version 12.00
# Visual Studio Version 16
VisualStudioVersion = 16.0.31729.503
MinimumVisualStudioVersion = 10.0.40219.1
Project("{FAE04EC0-301F-11D3-BF4B-00C04F79EFBC}") = "raktar", "raktar\raktar.csproj", "{70E2BB85-05E7-46D9-85E8-F01E6C3DCF41}"
EndProject
Global
	GlobalSection(SolutionConfigurationPlatforms) = preSolution
		Debug|Any CPU = Debug|Any CPU
		Release|Any CPU = Release|Any CPU
	EndGlobalSection
	GlobalSection(ProjectConfigurationPlatforms) = postSolution
		{70E2BB85-05E7-46D9-85E8-F01E6C3DCF41}.Debug|Any CPU.ActiveCfg = Debug|Any CPU
		{70E2BB85-05E7-46D9-85E8-F01E6C3DCF41}.Debug|Any CPU.Build.0 = Debug|Any CPU
		{70E2BB85-05E7-46D9-85E8-F01E6C3DCF41}.Release|Any CPU.ActiveCfg = Release|Any CPU
		{70E2BB85-05E7-46D9-85E8-F01E6C3DCF41}.Release|Any CPU.Build.0 = Release|Any CPU
	EndGlobalSection
	GlobalSection(SolutionProperties) = preSolution
		HideSolutionNode = FALSE
	EndGlobalSection
	GlobalSection(ExtensibilityGlobals) = postSolution
		SolutionGuid = {22FEAF2A-F359-4533-B6DE-607846E6E1AD}
	EndGlobalSection
EndGlobal
