
Microsoft Visual Studio Solution File, Format Version 12.00
# Visual Studio Version 16
VisualStudioVersion = 16.0.31624.102
MinimumVisualStudioVersion = 10.0.40219.1
Project("{FAE04EC0-301F-11D3-BF4B-00C04F79EFBC}") = "játék", "játék\játék.csproj", "{E4C24ED4-A3EE-4F22-91CA-D7AC6F0F94D4}"
EndProject
Global
	GlobalSection(SolutionConfigurationPlatforms) = preSolution
		Debug|Any CPU = Debug|Any CPU
		Release|Any CPU = Release|Any CPU
	EndGlobalSection
	GlobalSection(ProjectConfigurationPlatforms) = postSolution
		{E4C24ED4-A3EE-4F22-91CA-D7AC6F0F94D4}.Debug|Any CPU.ActiveCfg = Debug|Any CPU
		{E4C24ED4-A3EE-4F22-91CA-D7AC6F0F94D4}.Debug|Any CPU.Build.0 = Debug|Any CPU
		{E4C24ED4-A3EE-4F22-91CA-D7AC6F0F94D4}.Release|Any CPU.ActiveCfg = Release|Any CPU
		{E4C24ED4-A3EE-4F22-91CA-D7AC6F0F94D4}.Release|Any CPU.Build.0 = Release|Any CPU
	EndGlobalSection
	GlobalSection(SolutionProperties) = preSolution
		HideSolutionNode = FALSE
	EndGlobalSection
	GlobalSection(ExtensibilityGlobals) = postSolution
		SolutionGuid = {A0955FF0-E655-4FD3-ACC8-E81506408B88}
	EndGlobalSection
EndGlobal
