
Microsoft Visual Studio Solution File, Format Version 12.00
# Visual Studio Version 16
VisualStudioVersion = 16.0.31624.102
MinimumVisualStudioVersion = 10.0.40219.1
Project("{FAE04EC0-301F-11D3-BF4B-00C04F79EFBC}") = "karacsonyCLI", "karacsonyCLI\karacsonyCLI.csproj", "{03F1A4B4-17B1-4707-9F40-B5A0CD300A2A}"
EndProject
Global
	GlobalSection(SolutionConfigurationPlatforms) = preSolution
		Debug|Any CPU = Debug|Any CPU
		Release|Any CPU = Release|Any CPU
	EndGlobalSection
	GlobalSection(ProjectConfigurationPlatforms) = postSolution
		{03F1A4B4-17B1-4707-9F40-B5A0CD300A2A}.Debug|Any CPU.ActiveCfg = Debug|Any CPU
		{03F1A4B4-17B1-4707-9F40-B5A0CD300A2A}.Debug|Any CPU.Build.0 = Debug|Any CPU
		{03F1A4B4-17B1-4707-9F40-B5A0CD300A2A}.Release|Any CPU.ActiveCfg = Release|Any CPU
		{03F1A4B4-17B1-4707-9F40-B5A0CD300A2A}.Release|Any CPU.Build.0 = Release|Any CPU
	EndGlobalSection
	GlobalSection(SolutionProperties) = preSolution
		HideSolutionNode = FALSE
	EndGlobalSection
	GlobalSection(ExtensibilityGlobals) = postSolution
		SolutionGuid = {3ACAD183-AAFB-45B2-9C07-A4B93C2031C2}
	EndGlobalSection
EndGlobal
